
Microsoft Visual Studio Solution File, Format Version 12.00
# Visual Studio Version 17
VisualStudioVersion = 17.0.31903.59
MinimumVisualStudioVersion = 10.0.40219.1
Project("{FAE04EC0-301F-11D3-BF4B-00C04F79EFBC}") = "HbaExpress.Shared", "HbaExpress.Shared\HbaExpress.Shared.csproj", "{647480ca-c766-4808-9c24-0c1ab252985e}"
EndProject
Project("{FAE04EC0-301F-11D3-BF4B-00C04F79EFBC}") = "HbaExpress.Web", "HbaExpress.Web\HbaExpress.Web.csproj", "{82803873-e12d-4788-b7b2-10f8ce8fdccc}"
EndProject
Project("{FAE04EC0-301F-11D3-BF4B-00C04F79EFBC}") = "HbaExpress.MobileDesktop", "HbaExpress.MobileDesktop\HbaExpress.MobileDesktop.csproj", "{e65dc8c3-6888-459a-8e38-73350fb9bffe}"
EndProject
Global
	GlobalSection(SolutionConfigurationPlatforms) = preSolution
		Debug|Any CPU = Debug|Any CPU
		Release|Any CPU = Release|Any CPU
	EndGlobalSection
	GlobalSection(ProjectConfigurationPlatforms) = postSolution
		{647480ca-c766-4808-9c24-0c1ab252985e}.Debug|Any CPU.ActiveCfg = Debug|Any CPU
		{647480ca-c766-4808-9c24-0c1ab252985e}.Debug|Any CPU.Build.0 = Debug|Any CPU
		{647480ca-c766-4808-9c24-0c1ab252985e}.Release|Any CPU.ActiveCfg = Release|Any CPU
		{647480ca-c766-4808-9c24-0c1ab252985e}.Release|Any CPU.Build.0 = Release|Any CPU
		{82803873-e12d-4788-b7b2-10f8ce8fdccc}.Debug|Any CPU.ActiveCfg = Debug|Any CPU
		{82803873-e12d-4788-b7b2-10f8ce8fdccc}.Debug|Any CPU.Build.0 = Debug|Any CPU
		{82803873-e12d-4788-b7b2-10f8ce8fdccc}.Release|Any CPU.ActiveCfg = Release|Any CPU
		{82803873-e12d-4788-b7b2-10f8ce8fdccc}.Release|Any CPU.Build.0 = Release|Any CPU
		{e65dc8c3-6888-459a-8e38-73350fb9bffe}.Debug|Any CPU.ActiveCfg = Debug|Any CPU
		{e65dc8c3-6888-459a-8e38-73350fb9bffe}.Debug|Any CPU.Build.0 = Debug|Any CPU
		{e65dc8c3-6888-459a-8e38-73350fb9bffe}.Release|Any CPU.ActiveCfg = Release|Any CPU
		{e65dc8c3-6888-459a-8e38-73350fb9bffe}.Release|Any CPU.Build.0 = Release|Any CPU
	EndGlobalSection
EndGlobal
